
Microsoft Visual Studio Solution File, Format Version 12.00
# Visual Studio Version 16
VisualStudioVersion = 16.0.29424.173
MinimumVisualStudioVersion = 10.0.40219.1
Project("{FAE04EC0-301F-11D3-BF4B-00C04F79EFBC}") = "FullStackProgram", "FullStackProgram\FullStackProgram.csproj", "{FD701292-C90D-40FA-96D0-7B7B28A26AAE}"
EndProject
Global
	GlobalSection(SolutionConfigurationPlatforms) = preSolution
		Debug|Any CPU = Debug|Any CPU
		Release|Any CPU = Release|Any CPU
	EndGlobalSection
	GlobalSection(ProjectConfigurationPlatforms) = postSolution
		{FD701292-C90D-40FA-96D0-7B7B28A26AAE}.Debug|Any CPU.ActiveCfg = Debug|Any CPU
		{FD701292-C90D-40FA-96D0-7B7B28A26AAE}.Debug|Any CPU.Build.0 = Debug|Any CPU
		{FD701292-C90D-40FA-96D0-7B7B28A26AAE}.Release|Any CPU.ActiveCfg = Release|Any CPU
		{FD701292-C90D-40FA-96D0-7B7B28A26AAE}.Release|Any CPU.Build.0 = Release|Any CPU
	EndGlobalSection
	GlobalSection(SolutionProperties) = preSolution
		HideSolutionNode = FALSE
	EndGlobalSection
	GlobalSection(ExtensibilityGlobals) = postSolution
		SolutionGuid = {C317D20A-0378-4581-AC6E-6515F473A494}
	EndGlobalSection
EndGlobal
